
Microsoft Visual Studio Solution File, Format Version 12.00
# Visual Studio 15
VisualStudioVersion = 15.0.27428.1
MinimumVisualStudioVersion = 10.0.40219.1
Project("{FAE04EC0-301F-11D3-BF4B-00C04F79EFBC}") = "Filtration", "Filtration\Filtration.csproj", "{28294CCD-02FD-492F-82A9-C4B681190BDD}"
EndProject
Global
	GlobalSection(SolutionConfigurationPlatforms) = preSolution
		Debug|Any CPU = Debug|Any CPU
		Release|Any CPU = Release|Any CPU
	EndGlobalSection
	GlobalSection(ProjectConfigurationPlatforms) = postSolution
		{28294CCD-02FD-492F-82A9-C4B681190BDD}.Debug|Any CPU.ActiveCfg = Debug|Any CPU
		{28294CCD-02FD-492F-82A9-C4B681190BDD}.Debug|Any CPU.Build.0 = Debug|Any CPU
		{28294CCD-02FD-492F-82A9-C4B681190BDD}.Release|Any CPU.ActiveCfg = Release|Any CPU
		{28294CCD-02FD-492F-82A9-C4B681190BDD}.Release|Any CPU.Build.0 = Release|Any CPU
	EndGlobalSection
	GlobalSection(SolutionProperties) = preSolution
		HideSolutionNode = FALSE
	EndGlobalSection
	GlobalSection(ExtensibilityGlobals) = postSolution
		SolutionGuid = {C645F6FD-C377-417C-9652-89033B77F700}
	EndGlobalSection
EndGlobal
